
Microsoft Visual Studio Solution File, Format Version 12.00
# Visual Studio Version 16
VisualStudioVersion = 16.0.31605.320
MinimumVisualStudioVersion = 10.0.40219.1
Project("{FAE04EC0-301F-11D3-BF4B-00C04F79EFBC}") = "WpfApp1", "WpfApp1\WpfApp1.csproj", "{08D12D76-DF8A-4C2E-B317-CB38F5E85FEB}"
EndProject
Global
	GlobalSection(SolutionConfigurationPlatforms) = preSolution
		Debug|Any CPU = Debug|Any CPU
		Release|Any CPU = Release|Any CPU
	EndGlobalSection
	GlobalSection(ProjectConfigurationPlatforms) = postSolution
		{08D12D76-DF8A-4C2E-B317-CB38F5E85FEB}.Debug|Any CPU.ActiveCfg = Debug|Any CPU
		{08D12D76-DF8A-4C2E-B317-CB38F5E85FEB}.Debug|Any CPU.Build.0 = Debug|Any CPU
		{08D12D76-DF8A-4C2E-B317-CB38F5E85FEB}.Release|Any CPU.ActiveCfg = Release|Any CPU
		{08D12D76-DF8A-4C2E-B317-CB38F5E85FEB}.Release|Any CPU.Build.0 = Release|Any CPU
	EndGlobalSection
	GlobalSection(SolutionProperties) = preSolution
		HideSolutionNode = FALSE
	EndGlobalSection
	GlobalSection(ExtensibilityGlobals) = postSolution
		SolutionGuid = {AED118DA-F8D9-4CE6-A22C-87F662A6DC0A}
	EndGlobalSection
EndGlobal
